
Microsoft Visual Studio Solution File, Format Version 12.00
# Visual Studio Version 17
VisualStudioVersion = 17.6.33815.320
MinimumVisualStudioVersion = 10.0.40219.1
Project("{FAE04EC0-301F-11D3-BF4B-00C04F79EFBC}") = "CFirstApproach", "CFirstApproach\CFirstApproach.csproj", "{83B84CB8-3FE2-4246-A554-F188C6C6FBC5}"
EndProject
Global
	GlobalSection(SolutionConfigurationPlatforms) = preSolution
		Debug|Any CPU = Debug|Any CPU
		Release|Any CPU = Release|Any CPU
	EndGlobalSection
	GlobalSection(ProjectConfigurationPlatforms) = postSolution
		{83B84CB8-3FE2-4246-A554-F188C6C6FBC5}.Debug|Any CPU.ActiveCfg = Debug|Any CPU
		{83B84CB8-3FE2-4246-A554-F188C6C6FBC5}.Debug|Any CPU.Build.0 = Debug|Any CPU
		{83B84CB8-3FE2-4246-A554-F188C6C6FBC5}.Release|Any CPU.ActiveCfg = Release|Any CPU
		{83B84CB8-3FE2-4246-A554-F188C6C6FBC5}.Release|Any CPU.Build.0 = Release|Any CPU
	EndGlobalSection
	GlobalSection(SolutionProperties) = preSolution
		HideSolutionNode = FALSE
	EndGlobalSection
	GlobalSection(ExtensibilityGlobals) = postSolution
		SolutionGuid = {293C9984-63E8-4A4A-B15C-23640664983E}
	EndGlobalSection
EndGlobal
